
Microsoft Visual Studio Solution File, Format Version 12.00
# Visual Studio Version 17
VisualStudioVersion = 17.5.33502.453
MinimumVisualStudioVersion = 10.0.40219.1
Project("{888888A0-9F3D-457C-B088-3A5042F75D52}") = "roguelike", "roguelike.pyproj", "{AF271517-FB19-4139-91F5-D1D58EA9E3FD}"
EndProject
Global
	GlobalSection(SolutionConfigurationPlatforms) = preSolution
		Debug|Any CPU = Debug|Any CPU
		Release|Any CPU = Release|Any CPU
	EndGlobalSection
	GlobalSection(ProjectConfigurationPlatforms) = postSolution
		{AF271517-FB19-4139-91F5-D1D58EA9E3FD}.Debug|Any CPU.ActiveCfg = Debug|Any CPU
		{AF271517-FB19-4139-91F5-D1D58EA9E3FD}.Release|Any CPU.ActiveCfg = Release|Any CPU
	EndGlobalSection
	GlobalSection(SolutionProperties) = preSolution
		HideSolutionNode = FALSE
	EndGlobalSection
	GlobalSection(ExtensibilityGlobals) = postSolution
		SolutionGuid = {8F56042A-9CE0-4561-ADAA-F24C07AD0D97}
	EndGlobalSection
EndGlobal
